
Microsoft Visual Studio Solution File, Format Version 12.00
# Visual Studio Version 16
VisualStudioVersion = 16.0.31424.327
MinimumVisualStudioVersion = 10.0.40219.1
Project("{FAE04EC0-301F-11D3-BF4B-00C04F79EFBC}") = "Day3", "Day3\Day3.csproj", "{AB44F312-DD64-45BE-8634-BB09FAE854C2}"
EndProject
Project("{FAE04EC0-301F-11D3-BF4B-00C04F79EFBC}") = "LINQEgDay3", "LINQEgDay3\LINQEgDay3.csproj", "{990F2979-A708-4D75-8C66-DFDD3F7F7E4D}"
EndProject
Project("{9A19103F-16F7-4668-BE54-9A1E7A4F7556}") = "AssignmentonCSharp1", "..\AssignmentonCSharp1\AssignmentonCSharp1\AssignmentonCSharp1.csproj", "{6F0109A0-9BB3-4721-9DBF-9CAB1404E15C}"
EndProject
Global
	GlobalSection(SolutionConfigurationPlatforms) = preSolution
		Debug|Any CPU = Debug|Any CPU
		Release|Any CPU = Release|Any CPU
	EndGlobalSection
	GlobalSection(ProjectConfigurationPlatforms) = postSolution
		{AB44F312-DD64-45BE-8634-BB09FAE854C2}.Debug|Any CPU.ActiveCfg = Debug|Any CPU
		{AB44F312-DD64-45BE-8634-BB09FAE854C2}.Debug|Any CPU.Build.0 = Debug|Any CPU
		{AB44F312-DD64-45BE-8634-BB09FAE854C2}.Release|Any CPU.ActiveCfg = Release|Any CPU
		{AB44F312-DD64-45BE-8634-BB09FAE854C2}.Release|Any CPU.Build.0 = Release|Any CPU
		{990F2979-A708-4D75-8C66-DFDD3F7F7E4D}.Debug|Any CPU.ActiveCfg = Debug|Any CPU
		{990F2979-A708-4D75-8C66-DFDD3F7F7E4D}.Debug|Any CPU.Build.0 = Debug|Any CPU
		{990F2979-A708-4D75-8C66-DFDD3F7F7E4D}.Release|Any CPU.ActiveCfg = Release|Any CPU
		{990F2979-A708-4D75-8C66-DFDD3F7F7E4D}.Release|Any CPU.Build.0 = Release|Any CPU
		{6F0109A0-9BB3-4721-9DBF-9CAB1404E15C}.Debug|Any CPU.ActiveCfg = Debug|Any CPU
		{6F0109A0-9BB3-4721-9DBF-9CAB1404E15C}.Debug|Any CPU.Build.0 = Debug|Any CPU
		{6F0109A0-9BB3-4721-9DBF-9CAB1404E15C}.Release|Any CPU.ActiveCfg = Release|Any CPU
		{6F0109A0-9BB3-4721-9DBF-9CAB1404E15C}.Release|Any CPU.Build.0 = Release|Any CPU
	EndGlobalSection
	GlobalSection(SolutionProperties) = preSolution
		HideSolutionNode = FALSE
	EndGlobalSection
	GlobalSection(ExtensibilityGlobals) = postSolution
		SolutionGuid = {83B97030-4855-4021-A31D-A198520C87F6}
	EndGlobalSection
EndGlobal
